
Microsoft Visual Studio Solution File, Format Version 12.00
# Visual Studio 14
VisualStudioVersion = 14.0.25420.1
MinimumVisualStudioVersion = 10.0.40219.1
Project("{FAE04EC0-301F-11D3-BF4B-00C04F79EFBC}") = "DevJobsCE.Domain", "DevJobsCE.Domain\DevJobsCE.Domain.csproj", "{A3825133-5E74-4567-8488-C8598F201A44}"
EndProject
Project("{2150E333-8FDC-42A3-9474-1A3956D46DE8}") = "src", "src", "{1CE3E86C-8C23-4816-AC82-E2775ED33C49}"
EndProject
Project("{2150E333-8FDC-42A3-9474-1A3956D46DE8}") = "03 - Domain", "03 - Domain", "{F6576F83-E441-4E4F-A3FD-DFD50B4E71D3}"
EndProject
Project("{2150E333-8FDC-42A3-9474-1A3956D46DE8}") = "01 - Web", "01 - Web", "{1CB69837-20A9-43F9-8CCB-D0181B9FFB46}"
EndProject
Project("{2150E333-8FDC-42A3-9474-1A3956D46DE8}") = "02 - Infra", "02 - Infra", "{246933C5-C3DF-496C-837A-1A753F8CF665}"
EndProject
Project("{2150E333-8FDC-42A3-9474-1A3956D46DE8}") = "04 - App", "04 - App", "{7B3C51B1-501F-4A37-9D9E-8585450F6435}"
EndProject
Project("{2150E333-8FDC-42A3-9474-1A3956D46DE8}") = "05 - Services", "05 - Services", "{6D8CCB06-D687-407B-92F9-9EEE58F64ADC}"
EndProject
Project("{2150E333-8FDC-42A3-9474-1A3956D46DE8}") = "tests", "tests", "{05EE436C-6911-4581-8EF9-0A023C9A3BB7}"
EndProject
Project("{2150E333-8FDC-42A3-9474-1A3956D46DE8}") = "03 - DomainTests", "03 - DomainTests", "{250B0D58-370A-4B44-B341-6254CB0D2FB4}"
EndProject
Project("{FAE04EC0-301F-11D3-BF4B-00C04F79EFBC}") = "DevJobsCE.Domain.Tests", "DevJobsCE.Domain.Tests\DevJobsCE.Domain.Tests.csproj", "{C31197A2-0CE1-44EC-9561-466CAC926BD7}"
EndProject
Project("{2150E333-8FDC-42A3-9474-1A3956D46DE8}") = "Data", "Data", "{17CA2D1E-2F27-4FA5-A02A-48AF06A0C0C5}"
EndProject
Project("{FAE04EC0-301F-11D3-BF4B-00C04F79EFBC}") = "DevJobsCE.Infra.Data", "DevJobsCE.Infra.Data\DevJobsCE.Infra.Data.csproj", "{74AF5C6D-DF77-40A6-A049-3DAA9B79774B}"
EndProject
Project("{2150E333-8FDC-42A3-9474-1A3956D46DE8}") = "CrossCuting", "CrossCuting", "{E4A5EEA6-5022-4BA9-9CE7-E0B1AE6C8720}"
EndProject
Project("{2150E333-8FDC-42A3-9474-1A3956D46DE8}") = "Identity", "Identity", "{8752ADBA-2B2A-4669-BB63-5460FBD613D3}"
EndProject
Project("{FAE04EC0-301F-11D3-BF4B-00C04F79EFBC}") = "DevJobsCE.Web.UI", "DevJobsCE.Web.UI\DevJobsCE.Web.UI.csproj", "{EADBC448-1737-4635-A523-747566C2607B}"
EndProject
Project("{FAE04EC0-301F-11D3-BF4B-00C04F79EFBC}") = "DevJobsCE.Web.UI.Tests", "DevJobsCE.Web.UI.Tests\DevJobsCE.Web.UI.Tests.csproj", "{5C8A4C47-1312-4E28-A7DB-C4B6C5808BB0}"
EndProject
Project("{2150E333-8FDC-42A3-9474-1A3956D46DE8}") = "01  - Web.Tests", "01  - Web.Tests", "{8090B0DE-069E-44E4-802A-314F7D49FF6E}"
EndProject
Project("{FAE04EC0-301F-11D3-BF4B-00C04F79EFBC}") = "DevJobsCE.Infra.Identity", "DevJobsCE.Infra.Identity\DevJobsCE.Infra.Identity.csproj", "{D689052F-02D2-4118-916D-36DD8CB49CA9}"
EndProject
Project("{FAE04EC0-301F-11D3-BF4B-00C04F79EFBC}") = "DevJobsCE.Infra.CrossCuting", "DevJobsCE.Infra.CrossCuting\DevJobsCE.Infra.CrossCuting.csproj", "{1703CF8F-77FA-44B0-9BF8-831E6FA8FAFB}"
EndProject
Global
	GlobalSection(SolutionConfigurationPlatforms) = preSolution
		Debug|Any CPU = Debug|Any CPU
		Release|Any CPU = Release|Any CPU
	EndGlobalSection
	GlobalSection(ProjectConfigurationPlatforms) = postSolution
		{A3825133-5E74-4567-8488-C8598F201A44}.Debug|Any CPU.ActiveCfg = Debug|Any CPU
		{A3825133-5E74-4567-8488-C8598F201A44}.Debug|Any CPU.Build.0 = Debug|Any CPU
		{A3825133-5E74-4567-8488-C8598F201A44}.Release|Any CPU.ActiveCfg = Release|Any CPU
		{A3825133-5E74-4567-8488-C8598F201A44}.Release|Any CPU.Build.0 = Release|Any CPU
		{C31197A2-0CE1-44EC-9561-466CAC926BD7}.Debug|Any CPU.ActiveCfg = Debug|Any CPU
		{C31197A2-0CE1-44EC-9561-466CAC926BD7}.Debug|Any CPU.Build.0 = Debug|Any CPU
		{C31197A2-0CE1-44EC-9561-466CAC926BD7}.Release|Any CPU.ActiveCfg = Release|Any CPU
		{C31197A2-0CE1-44EC-9561-466CAC926BD7}.Release|Any CPU.Build.0 = Release|Any CPU
		{74AF5C6D-DF77-40A6-A049-3DAA9B79774B}.Debug|Any CPU.ActiveCfg = Debug|Any CPU
		{74AF5C6D-DF77-40A6-A049-3DAA9B79774B}.Debug|Any CPU.Build.0 = Debug|Any CPU
		{74AF5C6D-DF77-40A6-A049-3DAA9B79774B}.Release|Any CPU.ActiveCfg = Release|Any CPU
		{74AF5C6D-DF77-40A6-A049-3DAA9B79774B}.Release|Any CPU.Build.0 = Release|Any CPU
		{EADBC448-1737-4635-A523-747566C2607B}.Debug|Any CPU.ActiveCfg = Debug|Any CPU
		{EADBC448-1737-4635-A523-747566C2607B}.Debug|Any CPU.Build.0 = Debug|Any CPU
		{EADBC448-1737-4635-A523-747566C2607B}.Release|Any CPU.ActiveCfg = Release|Any CPU
		{EADBC448-1737-4635-A523-747566C2607B}.Release|Any CPU.Build.0 = Release|Any CPU
		{5C8A4C47-1312-4E28-A7DB-C4B6C5808BB0}.Debug|Any CPU.ActiveCfg = Debug|Any CPU
		{5C8A4C47-1312-4E28-A7DB-C4B6C5808BB0}.Debug|Any CPU.Build.0 = Debug|Any CPU
		{5C8A4C47-1312-4E28-A7DB-C4B6C5808BB0}.Release|Any CPU.ActiveCfg = Release|Any CPU
		{5C8A4C47-1312-4E28-A7DB-C4B6C5808BB0}.Release|Any CPU.Build.0 = Release|Any CPU
		{D689052F-02D2-4118-916D-36DD8CB49CA9}.Debug|Any CPU.ActiveCfg = Debug|Any CPU
		{D689052F-02D2-4118-916D-36DD8CB49CA9}.Debug|Any CPU.Build.0 = Debug|Any CPU
		{D689052F-02D2-4118-916D-36DD8CB49CA9}.Release|Any CPU.ActiveCfg = Release|Any CPU
		{D689052F-02D2-4118-916D-36DD8CB49CA9}.Release|Any CPU.Build.0 = Release|Any CPU
		{1703CF8F-77FA-44B0-9BF8-831E6FA8FAFB}.Debug|Any CPU.ActiveCfg = Debug|Any CPU
		{1703CF8F-77FA-44B0-9BF8-831E6FA8FAFB}.Debug|Any CPU.Build.0 = Debug|Any CPU
		{1703CF8F-77FA-44B0-9BF8-831E6FA8FAFB}.Release|Any CPU.ActiveCfg = Release|Any CPU
		{1703CF8F-77FA-44B0-9BF8-831E6FA8FAFB}.Release|Any CPU.Build.0 = Release|Any CPU
	EndGlobalSection
	GlobalSection(SolutionProperties) = preSolution
		HideSolutionNode = FALSE
	EndGlobalSection
	GlobalSection(NestedProjects) = preSolution
		{A3825133-5E74-4567-8488-C8598F201A44} = {F6576F83-E441-4E4F-A3FD-DFD50B4E71D3}
		{F6576F83-E441-4E4F-A3FD-DFD50B4E71D3} = {1CE3E86C-8C23-4816-AC82-E2775ED33C49}
		{1CB69837-20A9-43F9-8CCB-D0181B9FFB46} = {1CE3E86C-8C23-4816-AC82-E2775ED33C49}
		{246933C5-C3DF-496C-837A-1A753F8CF665} = {1CE3E86C-8C23-4816-AC82-E2775ED33C49}
		{7B3C51B1-501F-4A37-9D9E-8585450F6435} = {1CE3E86C-8C23-4816-AC82-E2775ED33C49}
		{6D8CCB06-D687-407B-92F9-9EEE58F64ADC} = {1CE3E86C-8C23-4816-AC82-E2775ED33C49}
		{250B0D58-370A-4B44-B341-6254CB0D2FB4} = {05EE436C-6911-4581-8EF9-0A023C9A3BB7}
		{C31197A2-0CE1-44EC-9561-466CAC926BD7} = {250B0D58-370A-4B44-B341-6254CB0D2FB4}
		{17CA2D1E-2F27-4FA5-A02A-48AF06A0C0C5} = {246933C5-C3DF-496C-837A-1A753F8CF665}
		{74AF5C6D-DF77-40A6-A049-3DAA9B79774B} = {17CA2D1E-2F27-4FA5-A02A-48AF06A0C0C5}
		{E4A5EEA6-5022-4BA9-9CE7-E0B1AE6C8720} = {246933C5-C3DF-496C-837A-1A753F8CF665}
		{8752ADBA-2B2A-4669-BB63-5460FBD613D3} = {246933C5-C3DF-496C-837A-1A753F8CF665}
		{EADBC448-1737-4635-A523-747566C2607B} = {1CB69837-20A9-43F9-8CCB-D0181B9FFB46}
		{5C8A4C47-1312-4E28-A7DB-C4B6C5808BB0} = {8090B0DE-069E-44E4-802A-314F7D49FF6E}
		{8090B0DE-069E-44E4-802A-314F7D49FF6E} = {05EE436C-6911-4581-8EF9-0A023C9A3BB7}
		{D689052F-02D2-4118-916D-36DD8CB49CA9} = {8752ADBA-2B2A-4669-BB63-5460FBD613D3}
		{1703CF8F-77FA-44B0-9BF8-831E6FA8FAFB} = {E4A5EEA6-5022-4BA9-9CE7-E0B1AE6C8720}
	EndGlobalSection
EndGlobal
